
Microsoft Visual Studio Solution File, Format Version 11.00
# Visual Studio 2010
Project("{FAE04EC0-301F-11D3-BF4B-00C04F79EFBC}") = "PhotonChat", "PhotonChat.csproj", "{fc2abb30-ca61-32c8-58b3-074a2b427a04}"
EndProject
Project("{FAE04EC0-301F-11D3-BF4B-00C04F79EFBC}") = "PhotonUnityNetworking.Demos", "PhotonUnityNetworking.Demos.csproj", "{16c89b12-d3ba-62db-42ce-dcff5f8ad6e2}"
EndProject
Project("{FAE04EC0-301F-11D3-BF4B-00C04F79EFBC}") = "Assembly-CSharp", "Assembly-CSharp.csproj", "{e8d81c7f-1c6d-a32c-07c7-0627f5009bd6}"
EndProject
Project("{FAE04EC0-301F-11D3-BF4B-00C04F79EFBC}") = "PhotonUnityNetworking.Editor", "PhotonUnityNetworking.Editor.csproj", "{c124fc71-5678-008e-16e7-da6096e951ac}"
EndProject
Project("{FAE04EC0-301F-11D3-BF4B-00C04F79EFBC}") = "PhotonUnityNetworking", "PhotonUnityNetworking.csproj", "{2c75595b-cce2-d30e-26ee-629f2c11e177}"
EndProject
Project("{FAE04EC0-301F-11D3-BF4B-00C04F79EFBC}") = "PhotonRealtime", "PhotonRealtime.csproj", "{29f02de5-c005-863a-16d9-90498e243956}"
EndProject
Project("{FAE04EC0-301F-11D3-BF4B-00C04F79EFBC}") = "PhotonUnityNetworking.Utilities.PhotonPlayer.Editor", "PhotonUnityNetworking.Utilities.PhotonPlayer.Editor.csproj", "{f29fbce2-38b7-21e3-76fc-8f340a1267d8}"
EndProject
Project("{FAE04EC0-301F-11D3-BF4B-00C04F79EFBC}") = "PhotonUnityNetworking.Utilities", "PhotonUnityNetworking.Utilities.csproj", "{c072e048-4066-7e62-db34-7e3bfe4e445c}"
EndProject
Project("{FAE04EC0-301F-11D3-BF4B-00C04F79EFBC}") = "PunDemos.DemoSlotcarEditor", "PunDemos.DemoSlotcarEditor.csproj", "{c63b7913-b616-8072-3ea2-9271effa0f5c}"
EndProject
Project("{FAE04EC0-301F-11D3-BF4B-00C04F79EFBC}") = "PhotonUnityNetworking.Utilities.Culling.Editor", "PhotonUnityNetworking.Utilities.Culling.Editor.csproj", "{8da0ea71-b745-7566-08ee-ca6bd3d5c56b}"
EndProject
Project("{FAE04EC0-301F-11D3-BF4B-00C04F79EFBC}") = "PunDemos.DemoHubEditor", "PunDemos.DemoHubEditor.csproj", "{d22d7eaa-20db-1f24-234b-79168593622d}"
EndProject
Project("{FAE04EC0-301F-11D3-BF4B-00C04F79EFBC}") = "Assembly-CSharp-Editor", "Assembly-CSharp-Editor.csproj", "{cb3dbbea-8a47-be9e-c2b8-71b899184a2c}"
EndProject
Global
	GlobalSection(SolutionConfigurationPlatforms) = preSolution
		Debug|Any CPU = Debug|Any CPU
	EndGlobalSection
	GlobalSection(ProjectConfigurationPlatforms) = postSolution
		{fc2abb30-ca61-32c8-58b3-074a2b427a04}.Debug|Any CPU.ActiveCfg = Debug|Any CPU
		{fc2abb30-ca61-32c8-58b3-074a2b427a04}.Debug|Any CPU.Build.0 = Debug|Any CPU
		{16c89b12-d3ba-62db-42ce-dcff5f8ad6e2}.Debug|Any CPU.ActiveCfg = Debug|Any CPU
		{16c89b12-d3ba-62db-42ce-dcff5f8ad6e2}.Debug|Any CPU.Build.0 = Debug|Any CPU
		{e8d81c7f-1c6d-a32c-07c7-0627f5009bd6}.Debug|Any CPU.ActiveCfg = Debug|Any CPU
		{e8d81c7f-1c6d-a32c-07c7-0627f5009bd6}.Debug|Any CPU.Build.0 = Debug|Any CPU
		{c124fc71-5678-008e-16e7-da6096e951ac}.Debug|Any CPU.ActiveCfg = Debug|Any CPU
		{c124fc71-5678-008e-16e7-da6096e951ac}.Debug|Any CPU.Build.0 = Debug|Any CPU
		{2c75595b-cce2-d30e-26ee-629f2c11e177}.Debug|Any CPU.ActiveCfg = Debug|Any CPU
		{2c75595b-cce2-d30e-26ee-629f2c11e177}.Debug|Any CPU.Build.0 = Debug|Any CPU
		{29f02de5-c005-863a-16d9-90498e243956}.Debug|Any CPU.ActiveCfg = Debug|Any CPU
		{29f02de5-c005-863a-16d9-90498e243956}.Debug|Any CPU.Build.0 = Debug|Any CPU
		{f29fbce2-38b7-21e3-76fc-8f340a1267d8}.Debug|Any CPU.ActiveCfg = Debug|Any CPU
		{f29fbce2-38b7-21e3-76fc-8f340a1267d8}.Debug|Any CPU.Build.0 = Debug|Any CPU
		{c072e048-4066-7e62-db34-7e3bfe4e445c}.Debug|Any CPU.ActiveCfg = Debug|Any CPU
		{c072e048-4066-7e62-db34-7e3bfe4e445c}.Debug|Any CPU.Build.0 = Debug|Any CPU
		{c63b7913-b616-8072-3ea2-9271effa0f5c}.Debug|Any CPU.ActiveCfg = Debug|Any CPU
		{c63b7913-b616-8072-3ea2-9271effa0f5c}.Debug|Any CPU.Build.0 = Debug|Any CPU
		{8da0ea71-b745-7566-08ee-ca6bd3d5c56b}.Debug|Any CPU.ActiveCfg = Debug|Any CPU
		{8da0ea71-b745-7566-08ee-ca6bd3d5c56b}.Debug|Any CPU.Build.0 = Debug|Any CPU
		{d22d7eaa-20db-1f24-234b-79168593622d}.Debug|Any CPU.ActiveCfg = Debug|Any CPU
		{d22d7eaa-20db-1f24-234b-79168593622d}.Debug|Any CPU.Build.0 = Debug|Any CPU
		{cb3dbbea-8a47-be9e-c2b8-71b899184a2c}.Debug|Any CPU.ActiveCfg = Debug|Any CPU
		{cb3dbbea-8a47-be9e-c2b8-71b899184a2c}.Debug|Any CPU.Build.0 = Debug|Any CPU
	EndGlobalSection
	GlobalSection(SolutionProperties) = preSolution
		HideSolutionNode = FALSE
	EndGlobalSection
EndGlobal
